// !$*UTF8*$!
{
	archiveVersion = 1;
	classes = {
	};
	objectVersion = 50;
	objects = {

/* Begin PBXBuildFile section */
		35C53B447AF0CC153125A186 /* Pods_Flix_FlixUITests.framework in Frameworks */ = {isa = PBXBuildFile; fileRef = 8791DC8CE67756977CF55A0E /* Pods_Flix_FlixUITests.framework */; };
		76013E21426DC232A988A902 /* Pods_Flix.framework in Frameworks */ = {isa = PBXBuildFile; fileRef = 7CF1461F4CB2E8C887769979 /* Pods_Flix.framework */; };
		A4464275152F4F0BA7A1E330 /* Pods_FlixTests.framework in Frameworks */ = {isa = PBXBuildFile; fileRef = 949D5448E89E149DE13A39B7 /* Pods_FlixTests.framework */; };
		AF61F2032517D189002D07B4 /* AppDelegate.swift in Sources */ = {isa = PBXBuildFile; fileRef = AF61F2022517D189002D07B4 /* AppDelegate.swift */; };
		AF61F2052517D189002D07B4 /* SceneDelegate.swift in Sources */ = {isa = PBXBuildFile; fileRef = AF61F2042517D189002D07B4 /* SceneDelegate.swift */; };
		AF61F20A2517D189002D07B4 /* Main.storyboard in Resources */ = {isa = PBXBuildFile; fileRef = AF61F2082517D189002D07B4 /* Main.storyboard */; };
		AF61F20C2517D18A002D07B4 /* Assets.xcassets in Resources */ = {isa = PBXBuildFile; fileRef = AF61F20B2517D18A002D07B4 /* Assets.xcassets */; };
		AF61F20F2517D18A002D07B4 /* LaunchScreen.storyboard in Resources */ = {isa = PBXBuildFile; fileRef = AF61F20D2517D18A002D07B4 /* LaunchScreen.storyboard */; };
		AF61F21A2517D18A002D07B4 /* FlixTests.swift in Sources */ = {isa = PBXBuildFile; fileRef = AF61F2192517D18A002D07B4 /* FlixTests.swift */; };
		AF61F2252517D18A002D07B4 /* FlixUITests.swift in Sources */ = {isa = PBXBuildFile; fileRef = AF61F2242517D18A002D07B4 /* FlixUITests.swift */; };
		AF8483542517EA3200BE6D9B /* MoviesViewController.swift in Sources */ = {isa = PBXBuildFile; fileRef = AF8483532517EA3200BE6D9B /* MoviesViewController.swift */; };
		AF84835925183E9400BE6D9B /* MovieCell.swift in Sources */ = {isa = PBXBuildFile; fileRef = AF84835825183E9300BE6D9B /* MovieCell.swift */; };
/* End PBXBuildFile section */

/* Begin PBXContainerItemProxy section */
		AF61F2162517D18A002D07B4 /* PBXContainerItemProxy */ = {
			isa = PBXContainerItemProxy;
			containerPortal = AF61F1F72517D189002D07B4 /* Project object */;
			proxyType = 1;
			remoteGlobalIDString = AF61F1FE2517D189002D07B4;
			remoteInfo = Flix;
		};
		AF61F2212517D18A002D07B4 /* PBXContainerItemProxy */ = {
			isa = PBXContainerItemProxy;
			containerPortal = AF61F1F72517D189002D07B4 /* Project object */;
			proxyType = 1;
			remoteGlobalIDString = AF61F1FE2517D189002D07B4;
			remoteInfo = Flix;
		};
/* End PBXContainerItemProxy section */

/* Begin PBXFileReference section */
		1A5F93C227F6B2AE0A388DFA /* Pods-Flix.release.xcconfig */ = {isa = PBXFileReference; includeInIndex = 1; lastKnownFileType = text.xcconfig; name = "Pods-Flix.release.xcconfig"; path = "Target Support Files/Pods-Flix/Pods-Flix.release.xcconfig"; sourceTree = "<group>"; };
		55360FEED9F78D0AE089EC10 /* Pods-FlixTests.release.xcconfig */ = {isa = PBXFileReference; includeInIndex = 1; lastKnownFileType = text.xcconfig; name = "Pods-FlixTests.release.xcconfig"; path = "Target Support Files/Pods-FlixTests/Pods-FlixTests.release.xcconfig"; sourceTree = "<group>"; };
		68479F570BF763DDBAD18692 /* Pods-FlixTests.debug.xcconfig */ = {isa = PBXFileReference; includeInIndex = 1; lastKnownFileType = text.xcconfig; name = "Pods-FlixTests.debug.xcconfig"; path = "Target Support Files/Pods-FlixTests/Pods-FlixTests.debug.xcconfig"; sourceTree = "<group>"; };
		69C4620D24F4DE3F84E8A1C1 /* Pods-Flix-FlixUITests.debug.xcconfig */ = {isa = PBXFileReference; includeInIndex = 1; lastKnownFileType = text.xcconfig; name = "Pods-Flix-FlixUITests.debug.xcconfig"; path = "Target Support Files/Pods-Flix-FlixUITests/Pods-Flix-FlixUITests.debug.xcconfig"; sourceTree = "<group>"; };
		776DB75D2038402DDE3A8E14 /* Pods-Flix.debug.xcconfig */ = {isa = PBXFileReference; includeInIndex = 1; lastKnownFileType = text.xcconfig; name = "Pods-Flix.debug.xcconfig"; path = "Target Support Files/Pods-Flix/Pods-Flix.debug.xcconfig"; sourceTree = "<group>"; };
		7CF1461F4CB2E8C887769979 /* Pods_Flix.framework */ = {isa = PBXFileReference; explicitFileType = wrapper.framework; includeInIndex = 0; path = Pods_Flix.framework; sourceTree = BUILT_PRODUCTS_DIR; };
		8791DC8CE67756977CF55A0E /* Pods_Flix_FlixUITests.framework */ = {isa = PBXFileReference; explicitFileType = wrapper.framework; includeInIndex = 0; path = Pods_Flix_FlixUITests.framework; sourceTree = BUILT_PRODUCTS_DIR; };
		949D5448E89E149DE13A39B7 /* Pods_FlixTests.framework */ = {isa = PBXFileReference; explicitFileType = wrapper.framework; includeInIndex = 0; path = Pods_FlixTests.framework; sourceTree = BUILT_PRODUCTS_DIR; };
		9AFF448723E2A740C169F895 /* Pods-Flix-FlixUITests.release.xcconfig */ = {isa = PBXFileReference; includeInIndex = 1; lastKnownFileType = text.xcconfig; name = "Pods-Flix-FlixUITests.release.xcconfig"; path = "Target Support Files/Pods-Flix-FlixUITests/Pods-Flix-FlixUITests.release.xcconfig"; sourceTree = "<group>"; };
		AF61F1FF2517D189002D07B4 /* Flix.app */ = {isa = PBXFileReference; explicitFileType = wrapper.application; includeInIndex = 0; path = Flix.app; sourceTree = BUILT_PRODUCTS_DIR; };
		AF61F2022517D189002D07B4 /* AppDelegate.swift */ = {isa = PBXFileReference; lastKnownFileType = sourcecode.swift; path = AppDelegate.swift; sourceTree = "<group>"; };
		AF61F2042517D189002D07B4 /* SceneDelegate.swift */ = {isa = PBXFileReference; lastKnownFileType = sourcecode.swift; path = SceneDelegate.swift; sourceTree = "<group>"; };
		AF61F2092517D189002D07B4 /* Base */ = {isa = PBXFileReference; lastKnownFileType = file.storyboard; name = Base; path = Base.lproj/Main.storyboard; sourceTree = "<group>"; };
		AF61F20B2517D18A002D07B4 /* Assets.xcassets */ = {isa = PBXFileReference; lastKnownFileType = folder.assetcatalog; path = Assets.xcassets; sourceTree = "<group>"; };
		AF61F20E2517D18A002D07B4 /* Base */ = {isa = PBXFileReference; lastKnownFileType = file.storyboard; name = Base; path = Base.lproj/LaunchScreen.storyboard; sourceTree = "<group>"; };
		AF61F2102517D18A002D07B4 /* Info.plist */ = {isa = PBXFileReference; lastKnownFileType = text.plist.xml; path = Info.plist; sourceTree = "<group>"; };
		AF61F2152517D18A002D07B4 /* FlixTests.xctest */ = {isa = PBXFileReference; explicitFileType = wrapper.cfbundle; includeInIndex = 0; path = FlixTests.xctest; sourceTree = BUILT_PRODUCTS_DIR; };
		AF61F2192517D18A002D07B4 /* FlixTests.swift */ = {isa = PBXFileReference; lastKnownFileType = sourcecode.swift; path = FlixTests.swift; sourceTree = "<group>"; };
		AF61F21B2517D18A002D07B4 /* Info.plist */ = {isa = PBXFileReference; lastKnownFileType = text.plist.xml; path = Info.plist; sourceTree = "<group>"; };
		AF61F2202517D18A002D07B4 /* FlixUITests.xctest */ = {isa = PBXFileReference; explicitFileType = wrapper.cfbundle; includeInIndex = 0; path = FlixUITests.xctest; sourceTree = BUILT_PRODUCTS_DIR; };
		AF61F2242517D18A002D07B4 /* FlixUITests.swift */ = {isa = PBXFileReference; lastKnownFileType = sourcecode.swift; path = FlixUITests.swift; sourceTree = "<group>"; };
		AF61F2262517D18A002D07B4 /* Info.plist */ = {isa = PBXFileReference; lastKnownFileType = text.plist.xml; path = Info.plist; sourceTree = "<group>"; };
		AF8483532517EA3200BE6D9B /* MoviesViewController.swift */ = {isa = PBXFileReference; lastKnownFileType = sourcecode.swift; path = MoviesViewController.swift; sourceTree = "<group>"; };
		AF84835825183E9300BE6D9B /* MovieCell.swift */ = {isa = PBXFileReference; lastKnownFileType = sourcecode.swift; path = MovieCell.swift; sourceTree = "<group>"; };
/* End PBXFileReference section */

/* Begin PBXFrameworksBuildPhase section */
		AF61F1FC2517D189002D07B4 /* Frameworks */ = {
			isa = PBXFrameworksBuildPhase;
			buildActionMask = 2147483647;
			files = (
				76013E21426DC232A988A902 /* Pods_Flix.framework in Frameworks */,
			);
			runOnlyForDeploymentPostprocessing = 0;
		};
		AF61F2122517D18A002D07B4 /* Frameworks */ = {
			isa = PBXFrameworksBuildPhase;
			buildActionMask = 2147483647;
			files = (
				A4464275152F4F0BA7A1E330 /* Pods_FlixTests.framework in Frameworks */,
			);
			runOnlyForDeploymentPostprocessing = 0;
		};
		AF61F21D2517D18A002D07B4 /* Frameworks */ = {
			isa = PBXFrameworksBuildPhase;
			buildActionMask = 2147483647;
			files = (
				35C53B447AF0CC153125A186 /* Pods_Flix_FlixUITests.framework in Frameworks */,
			);
			runOnlyForDeploymentPostprocessing = 0;
		};
/* End PBXFrameworksBuildPhase section */

/* Begin PBXGroup section */
		629E4B4DB528518246318B6E /* Pods */ = {
			isa = PBXGroup;
			children = (
				776DB75D2038402DDE3A8E14 /* Pods-Flix.debug.xcconfig */,
				1A5F93C227F6B2AE0A388DFA /* Pods-Flix.release.xcconfig */,
				69C4620D24F4DE3F84E8A1C1 /* Pods-Flix-FlixUITests.debug.xcconfig */,
				9AFF448723E2A740C169F895 /* Pods-Flix-FlixUITests.release.xcconfig */,
				68479F570BF763DDBAD18692 /* Pods-FlixTests.debug.xcconfig */,
				55360FEED9F78D0AE089EC10 /* Pods-FlixTests.release.xcconfig */,
			);
			name = Pods;
			path = Pods;
			sourceTree = "<group>";
		};
		AF61F1F62517D189002D07B4 = {
			isa = PBXGroup;
			children = (
				AF61F2012517D189002D07B4 /* Flix */,
				AF61F2182517D18A002D07B4 /* FlixTests */,
				AF61F2232517D18A002D07B4 /* FlixUITests */,
				AF61F2002517D189002D07B4 /* Products */,
				629E4B4DB528518246318B6E /* Pods */,
				F8530775A958563F1FF804CA /* Frameworks */,
			);
			sourceTree = "<group>";
		};
		AF61F2002517D189002D07B4 /* Products */ = {
			isa = PBXGroup;
			children = (
				AF61F1FF2517D189002D07B4 /* Flix.app */,
				AF61F2152517D18A002D07B4 /* FlixTests.xctest */,
				AF61F2202517D18A002D07B4 /* FlixUITests.xctest */,
			);
			name = Products;
			sourceTree = "<group>";
		};
		AF61F2012517D189002D07B4 /* Flix */ = {
			isa = PBXGroup;
			children = (
				AF61F2022517D189002D07B4 /* AppDelegate.swift */,
				AF61F2042517D189002D07B4 /* SceneDelegate.swift */,
				AF61F2082517D189002D07B4 /* Main.storyboard */,
				AF84835825183E9300BE6D9B /* MovieCell.swift */,
				AF8483532517EA3200BE6D9B /* MoviesViewController.swift */,
				AF61F20B2517D18A002D07B4 /* Assets.xcassets */,
				AF61F20D2517D18A002D07B4 /* LaunchScreen.storyboard */,
				AF61F2102517D18A002D07B4 /* Info.plist */,
			);
			path = Flix;
			sourceTree = "<group>";
		};
		AF61F2182517D18A002D07B4 /* FlixTests */ = {
			isa = PBXGroup;
			children = (
				AF61F2192517D18A002D07B4 /* FlixTests.swift */,
				AF61F21B2517D18A002D07B4 /* Info.plist */,
			);
			path = FlixTests;
			sourceTree = "<group>";
		};
		AF61F2232517D18A002D07B4 /* FlixUITests */ = {
			isa = PBXGroup;
			children = (
				AF61F2242517D18A002D07B4 /* FlixUITests.swift */,
				AF61F2262517D18A002D07B4 /* Info.plist */,
			);
			path = FlixUITests;
			sourceTree = "<group>";
		};
		F8530775A958563F1FF804CA /* Frameworks */ = {
			isa = PBXGroup;
			children = (
				7CF1461F4CB2E8C887769979 /* Pods_Flix.framework */,
				8791DC8CE67756977CF55A0E /* Pods_Flix_FlixUITests.framework */,
				949D5448E89E149DE13A39B7 /* Pods_FlixTests.framework */,
			);
			name = Frameworks;
			sourceTree = "<group>";
		};
/* End PBXGroup section */

/* Begin PBXNativeTarget section */
		AF61F1FE2517D189002D07B4 /* Flix */ = {
			isa = PBXNativeTarget;
			buildConfigurationList = AF61F2292517D18A002D07B4 /* Build configuration list for PBXNativeTarget "Flix" */;
			buildPhases = (
				E8696FB7F2432DB3AF076D32 /* [CP] Check Pods Manifest.lock */,
				AF61F1FB2517D189002D07B4 /* Sources */,
				AF61F1FC2517D189002D07B4 /* Frameworks */,
				AF61F1FD2517D189002D07B4 /* Resources */,
				8934415F9489045DCA509A79 /* [CP] Embed Pods Frameworks */,
			);
			buildRules = (
			);
			dependencies = (
			);
			name = Flix;
			productName = Flix;
			productReference = AF61F1FF2517D189002D07B4 /* Flix.app */;
			productType = "com.apple.product-type.application";
		};
		AF61F2142517D18A002D07B4 /* FlixTests */ = {
			isa = PBXNativeTarget;
			buildConfigurationList = AF61F22C2517D18A002D07B4 /* Build configuration list for PBXNativeTarget "FlixTests" */;
			buildPhases = (
				FE452FDFA74F7465EBE07D09 /* [CP] Check Pods Manifest.lock */,
				AF61F2112517D18A002D07B4 /* Sources */,
				AF61F2122517D18A002D07B4 /* Frameworks */,
				AF61F2132517D18A002D07B4 /* Resources */,
			);
			buildRules = (
			);
			dependencies = (
				AF61F2172517D18A002D07B4 /* PBXTargetDependency */,
			);
			name = FlixTests;
			productName = FlixTests;
			productReference = AF61F2152517D18A002D07B4 /* FlixTests.xctest */;
			productType = "com.apple.product-type.bundle.unit-test";
		};
		AF61F21F2517D18A002D07B4 /* FlixUITests */ = {
			isa = PBXNativeTarget;
			buildConfigurationList = AF61F22F2517D18A002D07B4 /* Build configuration list for PBXNativeTarget "FlixUITests" */;
			buildPhases = (
				EBCDF0E02687FFD1CA0A5760 /* [CP] Check Pods Manifest.lock */,
				AF61F21C2517D18A002D07B4 /* Sources */,
				AF61F21D2517D18A002D07B4 /* Frameworks */,
				AF61F21E2517D18A002D07B4 /* Resources */,
				C0E4FD00722C22BF9E99E7FE /* [CP] Embed Pods Frameworks */,
			);
			buildRules = (
			);
			dependencies = (
				AF61F2222517D18A002D07B4 /* PBXTargetDependency */,
			);
			name = FlixUITests;
			productName = FlixUITests;
			productReference = AF61F2202517D18A002D07B4 /* FlixUITests.xctest */;
			productType = "com.apple.product-type.bundle.ui-testing";
		};
/* End PBXNativeTarget section */

/* Begin PBXProject section */
		AF61F1F72517D189002D07B4 /* Project object */ = {
			isa = PBXProject;
			attributes = {
				LastSwiftUpdateCheck = 1200;
				LastUpgradeCheck = 1200;
				TargetAttributes = {
					AF61F1FE2517D189002D07B4 = {
						CreatedOnToolsVersion = 12.0;
					};
					AF61F2142517D18A002D07B4 = {
						CreatedOnToolsVersion = 12.0;
						TestTargetID = AF61F1FE2517D189002D07B4;
					};
					AF61F21F2517D18A002D07B4 = {
						CreatedOnToolsVersion = 12.0;
						TestTargetID = AF61F1FE2517D189002D07B4;
					};
				};
			};
			buildConfigurationList = AF61F1FA2517D189002D07B4 /* Build configuration list for PBXProject "Flix" */;
			compatibilityVersion = "Xcode 9.3";
			developmentRegion = en;
			hasScannedForEncodings = 0;
			knownRegions = (
				en,
				Base,
			);
			mainGroup = AF61F1F62517D189002D07B4;
			productRefGroup = AF61F2002517D189002D07B4 /* Products */;
			projectDirPath = "";
			projectRoot = "";
			targets = (
				AF61F1FE2517D189002D07B4 /* Flix */,
				AF61F2142517D18A002D07B4 /* FlixTests */,
				AF61F21F2517D18A002D07B4 /* FlixUITests */,
			);
		};
/* End PBXProject section */

/* Begin PBXResourcesBuildPhase section */
		AF61F1FD2517D189002D07B4 /* Resources */ = {
			isa = PBXResourcesBuildPhase;
			buildActionMask = 2147483647;
			files = (
				AF61F20F2517D18A002D07B4 /* LaunchScreen.storyboard in Resources */,
				AF61F20C2517D18A002D07B4 /* Assets.xcassets in Resources */,
				AF61F20A2517D189002D07B4 /* Main.storyboard in Resources */,
			);
			runOnlyForDeploymentPostprocessing = 0;
		};
		AF61F2132517D18A002D07B4 /* Resources */ = {
			isa = PBXResourcesBuildPhase;
			buildActionMask = 2147483647;
			files = (
			);
			runOnlyForDeploymentPostprocessing = 0;
		};
		AF61F21E2517D18A002D07B4 /* Resources */ = {
			isa = PBXResourcesBuildPhase;
			buildActionMask = 2147483647;
			files = (
			);
			runOnlyForDeploymentPostprocessing = 0;
		};
/* End PBXResourcesBuildPhase section */

/* Begin PBXShellScriptBuildPhase section */
		8934415F9489045DCA509A79 /* [CP] Embed Pods Frameworks */ = {
			isa = PBXShellScriptBuildPhase;
			buildActionMask = 2147483647;
			files = (
			);
			inputFileListPaths = (
				"${PODS_ROOT}/Target Support Files/Pods-Flix/Pods-Flix-frameworks-${CONFIGURATION}-input-files.xcfilelist",
			);
			name = "[CP] Embed Pods Frameworks";
			outputFileListPaths = (
				"${PODS_ROOT}/Target Support Files/Pods-Flix/Pods-Flix-frameworks-${CONFIGURATION}-output-files.xcfilelist",
			);
			runOnlyForDeploymentPostprocessing = 0;
			shellPath = /bin/sh;
			shellScript = "\"${PODS_ROOT}/Target Support Files/Pods-Flix/Pods-Flix-frameworks.sh\"\n";
			showEnvVarsInLog = 0;
		};
		C0E4FD00722C22BF9E99E7FE /* [CP] Embed Pods Frameworks */ = {
			isa = PBXShellScriptBuildPhase;
			buildActionMask = 2147483647;
			files = (
			);
			inputFileListPaths = (
				"${PODS_ROOT}/Target Support Files/Pods-Flix-FlixUITests/Pods-Flix-FlixUITests-frameworks-${CONFIGURATION}-input-files.xcfilelist",
			);
			name = "[CP] Embed Pods Frameworks";
			outputFileListPaths = (
				"${PODS_ROOT}/Target Support Files/Pods-Flix-FlixUITests/Pods-Flix-FlixUITests-frameworks-${CONFIGURATION}-output-files.xcfilelist",
			);
			runOnlyForDeploymentPostprocessing = 0;
			shellPath = /bin/sh;
			shellScript = "\"${PODS_ROOT}/Target Support Files/Pods-Flix-FlixUITests/Pods-Flix-FlixUITests-frameworks.sh\"\n";
			showEnvVarsInLog = 0;
		};
		E8696FB7F2432DB3AF076D32 /* [CP] Check Pods Manifest.lock */ = {
			isa = PBXShellScriptBuildPhase;
			buildActionMask = 2147483647;
			files = (
			);
			inputFileListPaths = (
			);
			inputPaths = (
				"${PODS_PODFILE_DIR_PATH}/Podfile.lock",
				"${PODS_ROOT}/Manifest.lock",
			);
			name = "[CP] Check Pods Manifest.lock";
			outputFileListPaths = (
			);
			outputPaths = (
				"$(DERIVED_FILE_DIR)/Pods-Flix-checkManifestLockResult.txt",
			);
			runOnlyForDeploymentPostprocessing = 0;
			shellPath = /bin/sh;
			shellScript = "diff \"${PODS_PODFILE_DIR_PATH}/Podfile.lock\" \"${PODS_ROOT}/Manifest.lock\" > /dev/null\nif [ $? != 0 ] ; then\n    # print error to STDERR\n    echo \"error: The sandbox is not in sync with the Podfile.lock. Run 'pod install' or update your CocoaPods installation.\" >&2\n    exit 1\nfi\n# This output is used by Xcode 'outputs' to avoid re-running this script phase.\necho \"SUCCESS\" > \"${SCRIPT_OUTPUT_FILE_0}\"\n";
			showEnvVarsInLog = 0;
		};
		EBCDF0E02687FFD1CA0A5760 /* [CP] Check Pods Manifest.lock */ = {
			isa = PBXShellScriptBuildPhase;
			buildActionMask = 2147483647;
			files = (
			);
			inputFileListPaths = (
			);
			inputPaths = (
				"${PODS_PODFILE_DIR_PATH}/Podfile.lock",
				"${PODS_ROOT}/Manifest.lock",
			);
			name = "[CP] Check Pods Manifest.lock";
			outputFileListPaths = (
			);
			outputPaths = (
				"$(DERIVED_FILE_DIR)/Pods-Flix-FlixUITests-checkManifestLockResult.txt",
			);
			runOnlyForDeploymentPostprocessing = 0;
			shellPath = /bin/sh;
			shellScript = "diff \"${PODS_PODFILE_DIR_PATH}/Podfile.lock\" \"${PODS_ROOT}/Manifest.lock\" > /dev/null\nif [ $? != 0 ] ; then\n    # print error to STDERR\n    echo \"error: The sandbox is not in sync with the Podfile.lock. Run 'pod install' or update your CocoaPods installation.\" >&2\n    exit 1\nfi\n# This output is used by Xcode 'outputs' to avoid re-running this script phase.\necho \"SUCCESS\" > \"${SCRIPT_OUTPUT_FILE_0}\"\n";
			showEnvVarsInLog = 0;
		};
		FE452FDFA74F7465EBE07D09 /* [CP] Check Pods Manifest.lock */ = {
			isa = PBXShellScriptBuildPhase;
			buildActionMask = 2147483647;
			files = (
			);
			inputFileListPaths = (
			);
			inputPaths = (
				"${PODS_PODFILE_DIR_PATH}/Podfile.lock",
				"${PODS_ROOT}/Manifest.lock",
			);
			name = "[CP] Check Pods Manifest.lock";
			outputFileListPaths = (
			);
			outputPaths = (
				"$(DERIVED_FILE_DIR)/Pods-FlixTests-checkManifestLockResult.txt",
			);
			runOnlyForDeploymentPostprocessing = 0;
			shellPath = /bin/sh;
			shellScript = "diff \"${PODS_PODFILE_DIR_PATH}/Podfile.lock\" \"${PODS_ROOT}/Manifest.lock\" > /dev/null\nif [ $? != 0 ] ; then\n    # print error to STDERR\n    echo \"error: The sandbox is not in sync with the Podfile.lock. Run 'pod install' or update your CocoaPods installation.\" >&2\n    exit 1\nfi\n# This output is used by Xcode 'outputs' to avoid re-running this script phase.\necho \"SUCCESS\" > \"${SCRIPT_OUTPUT_FILE_0}\"\n";
			showEnvVarsInLog = 0;
		};
/* End PBXShellScriptBuildPhase section */

/* Begin PBXSourcesBuildPhase section */
		AF61F1FB2517D189002D07B4 /* Sources */ = {
			isa = PBXSourcesBuildPhase;
			buildActionMask = 2147483647;
			files = (
				AF61F2032517D189002D07B4 /* AppDelegate.swift in Sources */,
				AF61F2052517D189002D07B4 /* SceneDelegate.swift in Sources */,
				AF84835925183E9400BE6D9B /* MovieCell.swift in Sources */,
				AF8483542517EA3200BE6D9B /* MoviesViewController.swift in Sources */,
			);
			runOnlyForDeploymentPostprocessing = 0;
		};
		AF61F2112517D18A002D07B4 /* Sources */ = {
			isa = PBXSourcesBuildPhase;
			buildActionMask = 2147483647;
			files = (
				AF61F21A2517D18A002D07B4 /* FlixTests.swift in Sources */,
			);
			runOnlyForDeploymentPostprocessing = 0;
		};
		AF61F21C2517D18A002D07B4 /* Sources */ = {
			isa = PBXSourcesBuildPhase;
			buildActionMask = 2147483647;
			files = (
				AF61F2252517D18A002D07B4 /* FlixUITests.swift in Sources */,
			);
			runOnlyForDeploymentPostprocessing = 0;
		};
/* End PBXSourcesBuildPhase section */

/* Begin PBXTargetDependency section */
		AF61F2172517D18A002D07B4 /* PBXTargetDependency */ = {
			isa = PBXTargetDependency;
			target = AF61F1FE2517D189002D07B4 /* Flix */;
			targetProxy = AF61F2162517D18A002D07B4 /* PBXContainerItemProxy */;
		};
		AF61F2222517D18A002D07B4 /* PBXTargetDependency */ = {
			isa = PBXTargetDependency;
			target = AF61F1FE2517D189002D07B4 /* Flix */;
			targetProxy = AF61F2212517D18A002D07B4 /* PBXContainerItemProxy */;
		};
/* End PBXTargetDependency section */

/* Begin PBXVariantGroup section */
		AF61F2082517D189002D07B4 /* Main.storyboard */ = {
			isa = PBXVariantGroup;
			children = (
				AF61F2092517D189002D07B4 /* Base */,
			);
			name = Main.storyboard;
			sourceTree = "<group>";
		};
		AF61F20D2517D18A002D07B4 /* LaunchScreen.storyboard */ = {
			isa = PBXVariantGroup;
			children = (
				AF61F20E2517D18A002D07B4 /* Base */,
			);
			name = LaunchScreen.storyboard;
			sourceTree = "<group>";
		};
/* End PBXVariantGroup section */

/* Begin XCBuildConfiguration section */
		AF61F2272517D18A002D07B4 /* Debug */ = {
			isa = XCBuildConfiguration;
			buildSettings = {
				ALWAYS_SEARCH_USER_PATHS = NO;
				CLANG_ANALYZER_NONNULL = YES;
				CLANG_ANALYZER_NUMBER_OBJECT_CONVERSION = YES_AGGRESSIVE;
				CLANG_CXX_LANGUAGE_STANDARD = "gnu++14";
				CLANG_CXX_LIBRARY = "libc++";
				CLANG_ENABLE_MODULES = YES;
				CLANG_ENABLE_OBJC_ARC = YES;
				CLANG_ENABLE_OBJC_WEAK = YES;
				CLANG_WARN_BLOCK_CAPTURE_AUTORELEASING = YES;
				CLANG_WARN_BOOL_CONVERSION = YES;
				CLANG_WARN_COMMA = YES;
				CLANG_WARN_CONSTANT_CONVERSION = YES;
				CLANG_WARN_DEPRECATED_OBJC_IMPLEMENTATIONS = YES;
				CLANG_WARN_DIRECT_OBJC_ISA_USAGE = YES_ERROR;
				CLANG_WARN_DOCUMENTATION_COMMENTS = YES;
				CLANG_WARN_EMPTY_BODY = YES;
				CLANG_WARN_ENUM_CONVERSION = YES;
				CLANG_WARN_INFINITE_RECURSION = YES;
				CLANG_WARN_INT_CONVERSION = YES;
				CLANG_WARN_NON_LITERAL_NULL_CONVERSION = YES;
				CLANG_WARN_OBJC_IMPLICIT_RETAIN_SELF = YES;
				CLANG_WARN_OBJC_LITERAL_CONVERSION = YES;
				CLANG_WARN_OBJC_ROOT_CLASS = YES_ERROR;
				CLANG_WARN_QUOTED_INCLUDE_IN_FRAMEWORK_HEADER = YES;
				CLANG_WARN_RANGE_LOOP_ANALYSIS = YES;
				CLANG_WARN_STRICT_PROTOTYPES = YES;
				CLANG_WARN_SUSPICIOUS_MOVE = YES;
				CLANG_WARN_UNGUARDED_AVAILABILITY = YES_AGGRESSIVE;
				CLANG_WARN_UNREACHABLE_CODE = YES;
				CLANG_WARN__DUPLICATE_METHOD_MATCH = YES;
				COPY_PHASE_STRIP = NO;
				DEBUG_INFORMATION_FORMAT = dwarf;
				ENABLE_STRICT_OBJC_MSGSEND = YES;
				ENABLE_TESTABILITY = YES;
				GCC_C_LANGUAGE_STANDARD = gnu11;
				GCC_DYNAMIC_NO_PIC = NO;
				GCC_NO_COMMON_BLOCKS = YES;
				GCC_OPTIMIZATION_LEVEL = 0;
				GCC_PREPROCESSOR_DEFINITIONS = (
					"DEBUG=1",
					"$(inherited)",
				);
				GCC_WARN_64_TO_32_BIT_CONVERSION = YES;
				GCC_WARN_ABOUT_RETURN_TYPE = YES_ERROR;
				GCC_WARN_UNDECLARED_SELECTOR = YES;
				GCC_WARN_UNINITIALIZED_AUTOS = YES_AGGRESSIVE;
				GCC_WARN_UNUSED_FUNCTION = YES;
				GCC_WARN_UNUSED_VARIABLE = YES;
				IPHONEOS_DEPLOYMENT_TARGET = 14.0;
				MTL_ENABLE_DEBUG_INFO = INCLUDE_SOURCE;
				MTL_FAST_MATH = YES;
				ONLY_ACTIVE_ARCH = YES;
				SDKROOT = iphoneos;
				SWIFT_ACTIVE_COMPILATION_CONDITIONS = DEBUG;
				SWIFT_OPTIMIZATION_LEVEL = "-Onone";
			};
			name = Debug;
		};
		AF61F2282517D18A002D07B4 /* Release */ = {
			isa = XCBuildConfiguration;
			buildSettings = {
				ALWAYS_SEARCH_USER_PATHS = NO;
				CLANG_ANALYZER_NONNULL = YES;
				CLANG_ANALYZER_NUMBER_OBJECT_CONVERSION = YES_AGGRESSIVE;
				CLANG_CXX_LANGUAGE_STANDARD = "gnu++14";
				CLANG_CXX_LIBRARY = "libc++";
				CLANG_ENABLE_MODULES = YES;
				CLANG_ENABLE_OBJC_ARC = YES;
				CLANG_ENABLE_OBJC_WEAK = YES;
				CLANG_WARN_BLOCK_CAPTURE_AUTORELEASING = YES;
				CLANG_WARN_BOOL_CONVERSION = YES;
				CLANG_WARN_COMMA = YES;
				CLANG_WARN_CONSTANT_CONVERSION = YES;
				CLANG_WARN_DEPRECATED_OBJC_IMPLEMENTATIONS = YES;
				CLANG_WARN_DIRECT_OBJC_ISA_USAGE = YES_ERROR;
				CLANG_WARN_DOCUMENTATION_COMMENTS = YES;
				CLANG_WARN_EMPTY_BODY = YES;
				CLANG_WARN_ENUM_CONVERSION = YES;
				CLANG_WARN_INFINITE_RECURSION = YES;
				CLANG_WARN_INT_CONVERSION = YES;
				CLANG_WARN_NON_LITERAL_NULL_CONVERSION = YES;
				CLANG_WARN_OBJC_IMPLICIT_RETAIN_SELF = YES;
				CLANG_WARN_OBJC_LITERAL_CONVERSION = YES;
				CLANG_WARN_OBJC_ROOT_CLASS = YES_ERROR;
				CLANG_WARN_QUOTED_INCLUDE_IN_FRAMEWORK_HEADER = YES;
				CLANG_WARN_RANGE_LOOP_ANALYSIS = YES;
				CLANG_WARN_STRICT_PROTOTYPES = YES;
				CLANG_WARN_SUSPICIOUS_MOVE = YES;
				CLANG_WARN_UNGUARDED_AVAILABILITY = YES_AGGRESSIVE;
				CLANG_WARN_UNREACHABLE_CODE = YES;
				CLANG_WARN__DUPLICATE_METHOD_MATCH = YES;
				COPY_PHASE_STRIP = NO;
				DEBUG_INFORMATION_FORMAT = "dwarf-with-dsym";
				ENABLE_NS_ASSERTIONS = NO;
				ENABLE_STRICT_OBJC_MSGSEND = YES;
				GCC_C_LANGUAGE_STANDARD = gnu11;
				GCC_NO_COMMON_BLOCKS = YES;
				GCC_WARN_64_TO_32_BIT_CONVERSION = YES;
				GCC_WARN_ABOUT_RETURN_TYPE = YES_ERROR;
				GCC_WARN_UNDECLARED_SELECTOR = YES;
				GCC_WARN_UNINITIALIZED_AUTOS = YES_AGGRESSIVE;
				GCC_WARN_UNUSED_FUNCTION = YES;
				GCC_WARN_UNUSED_VARIABLE = YES;
				IPHONEOS_DEPLOYMENT_TARGET = 14.0;
				MTL_ENABLE_DEBUG_INFO = NO;
				MTL_FAST_MATH = YES;
				SDKROOT = iphoneos;
				SWIFT_COMPILATION_MODE = wholemodule;
				SWIFT_OPTIMIZATION_LEVEL = "-O";
				VALIDATE_PRODUCT = YES;
			};
			name = Release;
		};
		AF61F22A2517D18A002D07B4 /* Debug */ = {
			isa = XCBuildConfiguration;
			baseConfigurationReference = 776DB75D2038402DDE3A8E14 /* Pods-Flix.debug.xcconfig */;
			buildSettings = {
				ASSETCATALOG_COMPILER_APPICON_NAME = AppIcon;
				ASSETCATALOG_COMPILER_GLOBAL_ACCENT_COLOR_NAME = AccentColor;
				CODE_SIGN_STYLE = Automatic;
				DEVELOPMENT_TEAM = 2SKJU27LYK;
				INFOPLIST_FILE = Flix/Info.plist;
				LD_RUNPATH_SEARCH_PATHS = (
					"$(inherited)",
					"@executable_path/Frameworks",
				);
				PRODUCT_BUNDLE_IDENTIFIER = "Mathew-Chanda.Flix";
				PRODUCT_NAME = "$(TARGET_NAME)";
				SWIFT_VERSION = 5.0;
				TARGETED_DEVICE_FAMILY = "1,2";
			};
			name = Debug;
		};
		AF61F22B2517D18A002D07B4 /* Release */ = {
			isa = XCBuildConfiguration;
			baseConfigurationReference = 1A5F93C227F6B2AE0A388DFA /* Pods-Flix.release.xcconfig */;
			buildSettings = {
				ASSETCATALOG_COMPILER_APPICON_NAME = AppIcon;
				ASSETCATALOG_COMPILER_GLOBAL_ACCENT_COLOR_NAME = AccentColor;
				CODE_SIGN_STYLE = Automatic;
				DEVELOPMENT_TEAM = 2SKJU27LYK;
				INFOPLIST_FILE = Flix/Info.plist;
				LD_RUNPATH_SEARCH_PATHS = (
					"$(inherited)",
					"@executable_path/Frameworks",
				);
				PRODUCT_BUNDLE_IDENTIFIER = "Mathew-Chanda.Flix";
				PRODUCT_NAME = "$(TARGET_NAME)";
				SWIFT_VERSION = 5.0;
				TARGETED_DEVICE_FAMILY = "1,2";
			};
			name = Release;
		};
		AF61F22D2517D18A002D07B4 /* Debug */ = {
			isa = XCBuildConfiguration;
			baseConfigurationReference = 68479F570BF763DDBAD18692 /* Pods-FlixTests.debug.xcconfig */;
			buildSettings = {
				ALWAYS_EMBED_SWIFT_STANDARD_LIBRARIES = YES;
				BUNDLE_LOADER = "$(TEST_HOST)";
				CODE_SIGN_STYLE = Automatic;
				DEVELOPMENT_TEAM = 2SKJU27LYK;
				INFOPLIST_FILE = FlixTests/Info.plist;
				IPHONEOS_DEPLOYMENT_TARGET = 14.0;
				LD_RUNPATH_SEARCH_PATHS = (
					"$(inherited)",
					"@executable_path/Frameworks",
					"@loader_path/Frameworks",
				);
				PRODUCT_BUNDLE_IDENTIFIER = "Mathew-Chanda.FlixTests";
				PRODUCT_NAME = "$(TARGET_NAME)";
				SWIFT_VERSION = 5.0;
				TARGETED_DEVICE_FAMILY = "1,2";
				TEST_HOST = "$(BUILT_PRODUCTS_DIR)/Flix.app/Flix";
			};
			name = Debug;
		};
		AF61F22E2517D18A002D07B4 /* Release */ = {
			isa = XCBuildConfiguration;
			baseConfigurationReference = 55360FEED9F78D0AE089EC10 /* Pods-FlixTests.release.xcconfig */;
			buildSettings = {
				ALWAYS_EMBED_SWIFT_STANDARD_LIBRARIES = YES;
				BUNDLE_LOADER = "$(TEST_HOST)";
				CODE_SIGN_STYLE = Automatic;
				DEVELOPMENT_TEAM = 2SKJU27LYK;
				INFOPLIST_FILE = FlixTests/Info.plist;
				IPHONEOS_DEPLOYMENT_TARGET = 14.0;
				LD_RUNPATH_SEARCH_PATHS = (
					"$(inherited)",
					"@executable_path/Frameworks",
					"@loader_path/Frameworks",
				);
				PRODUCT_BUNDLE_IDENTIFIER = "Mathew-Chanda.FlixTests";
				PRODUCT_NAME = "$(TARGET_NAME)";
				SWIFT_VERSION = 5.0;
				TARGETED_DEVICE_FAMILY = "1,2";
				TEST_HOST = "$(BUILT_PRODUCTS_DIR)/Flix.app/Flix";
			};
			name = Release;
		};
		AF61F2302517D18A002D07B4 /* Debug */ = {
			isa = XCBuildConfiguration;
			baseConfigurationReference = 69C4620D24F4DE3F84E8A1C1 /* Pods-Flix-FlixUITests.debug.xcconfig */;
			buildSettings = {
				ALWAYS_EMBED_SWIFT_STANDARD_LIBRARIES = YES;
				CODE_SIGN_STYLE = Automatic;
				DEVELOPMENT_TEAM = 2SKJU27LYK;
				INFOPLIST_FILE = FlixUITests/Info.plist;
				LD_RUNPATH_SEARCH_PATHS = (
					"$(inherited)",
					"@executable_path/Frameworks",
					"@loader_path/Frameworks",
				);
				PRODUCT_BUNDLE_IDENTIFIER = "Mathew-Chanda.FlixUITests";
				PRODUCT_NAME = "$(TARGET_NAME)";
				SWIFT_VERSION = 5.0;
				TARGETED_DEVICE_FAMILY = "1,2";
				TEST_TARGET_NAME = Flix;
			};
			name = Debug;
		};
		AF61F2312517D18A002D07B4 /* Release */ = {
			isa = XCBuildConfiguration;
			baseConfigurationReference = 9AFF448723E2A740C169F895 /* Pods-Flix-FlixUITests.release.xcconfig */;
			buildSettings = {
				ALWAYS_EMBED_SWIFT_STANDARD_LIBRARIES = YES;
				CODE_SIGN_STYLE = Automatic;
				DEVELOPMENT_TEAM = 2SKJU27LYK;
				INFOPLIST_FILE = FlixUITests/Info.plist;
				LD_RUNPATH_SEARCH_PATHS = (
					"$(inherited)",
					"@executable_path/Frameworks",
					"@loader_path/Frameworks",
				);
				PRODUCT_BUNDLE_IDENTIFIER = "Mathew-Chanda.FlixUITests";
				PRODUCT_NAME = "$(TARGET_NAME)";
				SWIFT_VERSION = 5.0;
				TARGETED_DEVICE_FAMILY = "1,2";
				TEST_TARGET_NAME = Flix;
			};
			name = Release;
		};
/* End XCBuildConfiguration section */

/* Begin XCConfigurationList section */
		AF61F1FA2517D189002D07B4 /* Build configuration list for PBXProject "Flix" */ = {
			isa = XCConfigurationList;
			buildConfigurations = (
				AF61F2272517D18A002D07B4 /* Debug */,
				AF61F2282517D18A002D07B4 /* Release */,
			);
			defaultConfigurationIsVisible = 0;
			defaultConfigurationName = Release;
		};
		AF61F2292517D18A002D07B4 /* Build configuration list for PBXNativeTarget "Flix" */ = {
			isa = XCConfigurationList;
			buildConfigurations = (
				AF61F22A2517D18A002D07B4 /* Debug */,
				AF61F22B2517D18A002D07B4 /* Release */,
			);
			defaultConfigurationIsVisible = 0;
			defaultConfigurationName = Release;
		};
		AF61F22C2517D18A002D07B4 /* Build configuration list for PBXNativeTarget "FlixTests" */ = {
			isa = XCConfigurationList;
			buildConfigurations = (
				AF61F22D2517D18A002D07B4 /* Debug */,
				AF61F22E2517D18A002D07B4 /* Release */,
			);
			defaultConfigurationIsVisible = 0;
			defaultConfigurationName = Release;
		};
		AF61F22F2517D18A002D07B4 /* Build configuration list for PBXNativeTarget "FlixUITests" */ = {
			isa = XCConfigurationList;
			buildConfigurations = (
				AF61F2302517D18A002D07B4 /* Debug */,
				AF61F2312517D18A002D07B4 /* Release */,
			);
			defaultConfigurationIsVisible = 0;
			defaultConfigurationName = Release;
		};
/* End XCConfigurationList section */
	};
	rootObject = AF61F1F72517D189002D07B4 /* Project object */;
}
